PODS:
  - Flutter (1.0.0)
  - integration_test (0.0.1):
    - Flutter
  - IOSSecuritySuite (1.9.10)
  - native_crash (1.0.0):
    - Flutter
    - IOSSecuritySuite

DEPENDENCIES:
  - Flutter (from `Flutter`)
  - integration_test (from `.symlinks/plugins/integration_test/ios`)
  - native_crash (from `.symlinks/plugins/native_crash/ios`)

SPEC REPOS:
  trunk:
    - IOSSecuritySuite

EXTERNAL SOURCES:
  Flutter:
    :path: Flutter
  integration_test:
    :path: ".symlinks/plugins/integration_test/ios"
  native_crash:
    :path: ".symlinks/plugins/native_crash/ios"

SPEC CHECKSUMS:
  Flutter: f04841e97a9d0b0a8025694d0796dd46242b2854
  integration_test: 13825b8a9334a850581300559b8839134b124670
  IOSSecuritySuite: e764318117aabd1f894cbdfc5ac013a59352953d
  native_crash: 38078b848b480892529f9bbca857497f4ce294b4

PODFILE CHECKSUM: 7be2f5f74864d463a8ad433546ed1de7e0f29aef

COCOAPODS: 1.13.0
