{
  "originHash" : "da86fd6f187b3e0ee42252fb8e95a24d8a60c95dcc29f080d30eb7c462abe0d8",
  "pins" : [
    {
      "identity" : "iossecuritysuite",
      "kind" : "remoteSourceControl",
      "location" : "https://github.com/securing/IOSSecuritySuite.git",
      "state" : {
        "revision" : "651f1ca002b1060214173e55b9040272ae91abcd",
        "version" : "1.9.11"
      }
    }
  ],
  "version" : 3
}
