{
  "originHash" : "9067973c59ea8d26f004bc8fb95f4ee1f9d9faa11c1c197a70c8688ebf199c72",
  "pins" : [
    {
      "identity" : "iossecuritysuite",
      "kind" : "remoteSourceControl",
      "location" : "https://github.com/securing/IOSSecuritySuite.git",
      "state" : {
        "revision" : "7436aea705a6c7ad6013edaaeaf051667cdd4beb",
        "version" : "2.3.0"
      }
    }
  ],
  "version" : 3
}
